
Microsoft Visual Studio Solution File, Format Version 12.00
# Visual Studio Version 17
VisualStudioVersion = 17.11.35312.102
MinimumVisualStudioVersion = 10.0.40219.1
Project("{2150E333-8FDC-42A3-9474-1A3956D46DE8}") = "Task0", "Task0", "{24575047-29F0-42A0-85BC-02250D957CA1}"
EndProject
Project("{FAE04EC0-301F-11D3-BF4B-00C04F79EFBC}") = "Tyuiu.MedyanichevDI.Sprint3.Task0.V16", "Tyuiu.MedyanichevDI.Sprint3.Task0.V16\Tyuiu.MedyanichevDI.Sprint3.Task0.V16.csproj", "{940D57A4-7CC2-44C3-BBA8-18BBE1457FD5}"
EndProject
Project("{FAE04EC0-301F-11D3-BF4B-00C04F79EFBC}") = "Tyuiu.MedyanichevDI.Sprint3.Task0.V16.Lib", "Tyuiu.MedyanichevDI.Sprint3.Task0.V16.Lib\Tyuiu.MedyanichevDI.Sprint3.Task0.V16.Lib.csproj", "{D5F9FEAB-3C9B-4E5D-9913-664A6C7205CC}"
EndProject
Project("{FAE04EC0-301F-11D3-BF4B-00C04F79EFBC}") = "Tyuiu.MedyanichevDI.Sprint3.Task0.V16.Test", "Tyuiu.MedyanichevDI.Sprint3.Task0.V16.Test\Tyuiu.MedyanichevDI.Sprint3.Task0.V16.Test.csproj", "{E37117D6-5D11-4466-AEA9-9DF91E966C48}"
EndProject
Project("{2150E333-8FDC-42A3-9474-1A3956D46DE8}") = "Task1", "Task1", "{99F4D7F9-225B-47B2-81DF-FC305B90B17F}"
EndProject
Project("{FAE04EC0-301F-11D3-BF4B-00C04F79EFBC}") = "Tyuiu.MedyanichevDI.Sprint3.Task1.V16", "Tyuiu.MedyanichevDI.Sprint3.Task1.V16\Tyuiu.MedyanichevDI.Sprint3.Task1.V16.csproj", "{E492AAA0-7E5B-47B5-901D-FAF42BBD8378}"
EndProject
Project("{FAE04EC0-301F-11D3-BF4B-00C04F79EFBC}") = "Tyuiu.MedyanichevDI.Sprint3.Task1.V16.Lib", "Tyuiu.MedyanichevDI.Sprint3.Task1.V16.Lib\Tyuiu.MedyanichevDI.Sprint3.Task1.V16.Lib.csproj", "{A2AB87D1-2845-40E7-9899-42E4CB82779F}"
EndProject
Project("{FAE04EC0-301F-11D3-BF4B-00C04F79EFBC}") = "Tyuiu.MedyanichevDI.Sprint3.Task1.V16.Test", "Tyuiu.MedyanichevDI.Sprint3.Task1.V16.Test\Tyuiu.MedyanichevDI.Sprint3.Task1.V16.Test.csproj", "{756DB1F0-74CC-425C-B99D-432A05A6BF4B}"
EndProject
Project("{2150E333-8FDC-42A3-9474-1A3956D46DE8}") = "Task2", "Task2", "{326C0C1F-2563-408A-A452-C6A08805D615}"
EndProject
Project("{FAE04EC0-301F-11D3-BF4B-00C04F79EFBC}") = "Tyuiu.MedyanichevDI.Sprint3.Task2.V2", "Tyuiu.MedyanichevDI.Sprint3.Task2.V2\Tyuiu.MedyanichevDI.Sprint3.Task2.V2.csproj", "{796A5B05-CC6B-41FC-9E28-AA415CDFB940}"
EndProject
Project("{FAE04EC0-301F-11D3-BF4B-00C04F79EFBC}") = "Tyuiu.MedyanichevDI.Sprint3.Task2.V2.Lib", "Tyuiu.MedyanichevDI.Sprint3.Task2.V2.Lib\Tyuiu.MedyanichevDI.Sprint3.Task2.V2.Lib.csproj", "{02A1F61B-F588-4121-A0D0-83DAE7C1FFFA}"
EndProject
Project("{FAE04EC0-301F-11D3-BF4B-00C04F79EFBC}") = "Tyuiu.MedyanichevDI.Sprint3.Task2.V2.Test", "Tyuiu.MedyanichevDI.Sprint3.Task2.V2.Test\Tyuiu.MedyanichevDI.Sprint3.Task2.V2.Test.csproj", "{141A4DB6-6046-4A4B-AD66-95DC754E2EC1}"
EndProject
Global
	GlobalSection(SolutionConfigurationPlatforms) = preSolution
		Debug|Any CPU = Debug|Any CPU
		Release|Any CPU = Release|Any CPU
	EndGlobalSection
	GlobalSection(ProjectConfigurationPlatforms) = postSolution
		{940D57A4-7CC2-44C3-BBA8-18BBE1457FD5}.Debug|Any CPU.ActiveCfg = Debug|Any CPU
		{940D57A4-7CC2-44C3-BBA8-18BBE1457FD5}.Debug|Any CPU.Build.0 = Debug|Any CPU
		{940D57A4-7CC2-44C3-BBA8-18BBE1457FD5}.Release|Any CPU.ActiveCfg = Release|Any CPU
		{940D57A4-7CC2-44C3-BBA8-18BBE1457FD5}.Release|Any CPU.Build.0 = Release|Any CPU
		{D5F9FEAB-3C9B-4E5D-9913-664A6C7205CC}.Debug|Any CPU.ActiveCfg = Debug|Any CPU
		{D5F9FEAB-3C9B-4E5D-9913-664A6C7205CC}.Debug|Any CPU.Build.0 = Debug|Any CPU
		{D5F9FEAB-3C9B-4E5D-9913-664A6C7205CC}.Release|Any CPU.ActiveCfg = Release|Any CPU
		{D5F9FEAB-3C9B-4E5D-9913-664A6C7205CC}.Release|Any CPU.Build.0 = Release|Any CPU
		{E37117D6-5D11-4466-AEA9-9DF91E966C48}.Debug|Any CPU.ActiveCfg = Debug|Any CPU
		{E37117D6-5D11-4466-AEA9-9DF91E966C48}.Debug|Any CPU.Build.0 = Debug|Any CPU
		{E37117D6-5D11-4466-AEA9-9DF91E966C48}.Release|Any CPU.ActiveCfg = Release|Any CPU
		{E37117D6-5D11-4466-AEA9-9DF91E966C48}.Release|Any CPU.Build.0 = Release|Any CPU
		{E492AAA0-7E5B-47B5-901D-FAF42BBD8378}.Debug|Any CPU.ActiveCfg = Debug|Any CPU
		{E492AAA0-7E5B-47B5-901D-FAF42BBD8378}.Debug|Any CPU.Build.0 = Debug|Any CPU
		{E492AAA0-7E5B-47B5-901D-FAF42BBD8378}.Release|Any CPU.ActiveCfg = Release|Any CPU
		{E492AAA0-7E5B-47B5-901D-FAF42BBD8378}.Release|Any CPU.Build.0 = Release|Any CPU
		{A2AB87D1-2845-40E7-9899-42E4CB82779F}.Debug|Any CPU.ActiveCfg = Debug|Any CPU
		{A2AB87D1-2845-40E7-9899-42E4CB82779F}.Debug|Any CPU.Build.0 = Debug|Any CPU
		{A2AB87D1-2845-40E7-9899-42E4CB82779F}.Release|Any CPU.ActiveCfg = Release|Any CPU
		{A2AB87D1-2845-40E7-9899-42E4CB82779F}.Release|Any CPU.Build.0 = Release|Any CPU
		{756DB1F0-74CC-425C-B99D-432A05A6BF4B}.Debug|Any CPU.ActiveCfg = Debug|Any CPU
		{756DB1F0-74CC-425C-B99D-432A05A6BF4B}.Debug|Any CPU.Build.0 = Debug|Any CPU
		{756DB1F0-74CC-425C-B99D-432A05A6BF4B}.Release|Any CPU.ActiveCfg = Release|Any CPU
		{756DB1F0-74CC-425C-B99D-432A05A6BF4B}.Release|Any CPU.Build.0 = Release|Any CPU
		{796A5B05-CC6B-41FC-9E28-AA415CDFB940}.Debug|Any CPU.ActiveCfg = Debug|Any CPU
		{796A5B05-CC6B-41FC-9E28-AA415CDFB940}.Debug|Any CPU.Build.0 = Debug|Any CPU
		{796A5B05-CC6B-41FC-9E28-AA415CDFB940}.Release|Any CPU.ActiveCfg = Release|Any CPU
		{796A5B05-CC6B-41FC-9E28-AA415CDFB940}.Release|Any CPU.Build.0 = Release|Any CPU
		{02A1F61B-F588-4121-A0D0-83DAE7C1FFFA}.Debug|Any CPU.ActiveCfg = Debug|Any CPU
		{02A1F61B-F588-4121-A0D0-83DAE7C1FFFA}.Debug|Any CPU.Build.0 = Debug|Any CPU
		{02A1F61B-F588-4121-A0D0-83DAE7C1FFFA}.Release|Any CPU.ActiveCfg = Release|Any CPU
		{02A1F61B-F588-4121-A0D0-83DAE7C1FFFA}.Release|Any CPU.Build.0 = Release|Any CPU
		{141A4DB6-6046-4A4B-AD66-95DC754E2EC1}.Debug|Any CPU.ActiveCfg = Debug|Any CPU
		{141A4DB6-6046-4A4B-AD66-95DC754E2EC1}.Debug|Any CPU.Build.0 = Debug|Any CPU
		{141A4DB6-6046-4A4B-AD66-95DC754E2EC1}.Release|Any CPU.ActiveCfg = Release|Any CPU
		{141A4DB6-6046-4A4B-AD66-95DC754E2EC1}.Release|Any CPU.Build.0 = Release|Any CPU
	EndGlobalSection
	GlobalSection(SolutionProperties) = preSolution
		HideSolutionNode = FALSE
	EndGlobalSection
	GlobalSection(NestedProjects) = preSolution
		{940D57A4-7CC2-44C3-BBA8-18BBE1457FD5} = {24575047-29F0-42A0-85BC-02250D957CA1}
		{D5F9FEAB-3C9B-4E5D-9913-664A6C7205CC} = {24575047-29F0-42A0-85BC-02250D957CA1}
		{E37117D6-5D11-4466-AEA9-9DF91E966C48} = {24575047-29F0-42A0-85BC-02250D957CA1}
		{E492AAA0-7E5B-47B5-901D-FAF42BBD8378} = {99F4D7F9-225B-47B2-81DF-FC305B90B17F}
		{A2AB87D1-2845-40E7-9899-42E4CB82779F} = {99F4D7F9-225B-47B2-81DF-FC305B90B17F}
		{756DB1F0-74CC-425C-B99D-432A05A6BF4B} = {99F4D7F9-225B-47B2-81DF-FC305B90B17F}
		{796A5B05-CC6B-41FC-9E28-AA415CDFB940} = {326C0C1F-2563-408A-A452-C6A08805D615}
		{02A1F61B-F588-4121-A0D0-83DAE7C1FFFA} = {326C0C1F-2563-408A-A452-C6A08805D615}
		{141A4DB6-6046-4A4B-AD66-95DC754E2EC1} = {326C0C1F-2563-408A-A452-C6A08805D615}
	EndGlobalSection
	GlobalSection(ExtensibilityGlobals) = postSolution
		SolutionGuid = {123F8F14-D9F5-4908-A10C-E900803C442E}
	EndGlobalSection
EndGlobal
